{
  "nodes": {
    "dot-local": {
      "flake": false,
      "locked": {
        "lastModified": 1785469237,
        "narHash": "sha256-oFJPRzOlFWrPjcFiJW7Jr/z/QmyTuy94vJRSQh6e8Wc=",
        "owner": "taudep",
        "repo": "dot-local",
        "rev": "4bf0a07ae58b26ad98626e805d7805fb4c1eb455",
        "type": "github"
      },
      "original": {
        "owner": "taudep",
        "repo": "dot-local",
        "type": "github"
      }
    },
    "home-manager": {
      "inputs": {
        "nixpkgs": [
          "nixpkgs"
        ]
      },
      "locked": {
        "lastModified": 1785469032,
        "narHash": "sha256-aB6tgXxSFT48X0Jc/v5opHUVo/B9sOoojUE6uZ7ymsc=",
        "owner": "nix-community",
        "repo": "home-manager",
        "rev": "6d25edfbd109bd6c0bb950a2fb6c37141795e3f1",
        "type": "github"
      },
      "original": {
        "owner": "nix-community",
        "ref": "master",
        "repo": "home-manager",
        "type": "github"
      }
    },
    "nix-darwin": {
      "inputs": {
        "nixpkgs": [
          "nixpkgs"
        ]
      },
      "locked": {
        "lastModified": 1783395956,
        "narHash": "sha256-AAbexQvDoK+6GFJdhY6kqjA+6ECKRkidgWxkn4gMwAA=",
        "owner": "nix-darwin",
        "repo": "nix-darwin",
        "rev": "d5bd9cd77aea4c0a8f49e7fd85545671a208ed15",
        "type": "github"
      },
      "original": {
        "owner": "nix-darwin",
        "ref": "master",
        "repo": "nix-darwin",
        "type": "github"
      }
    },
    "nixpkgs": {
      "locked": {
        "lastModified": 1783791668,
        "narHash": "sha256-zbcZ1dmBTPfJ7Mlqh/yLEPGpgJnwuv4Xr1xucy2WqMA=",
        "owner": "NixOS",
        "repo": "nixpkgs",
        "rev": "716c7a2664ca8325617b8a7fbb609273f2c4cae7",
        "type": "github"
      },
      "original": {
        "owner": "NixOS",
        "ref": "nixpkgs-unstable",
        "repo": "nixpkgs",
        "type": "github"
      }
    },
    "root": {
      "inputs": {
        "dot-local": "dot-local",
        "home-manager": "home-manager",
        "nix-darwin": "nix-darwin",
        "nixpkgs": "nixpkgs"
      }
    }
  },
  "root": "root",
  "version": 7
}
